
Microsoft Visual Studio Solution File, Format Version 12.00
# Visual Studio 15
VisualStudioVersion = 15.0.28307.1062
MinimumVisualStudioVersion = 10.0.40219.1
Project("{FAE04EC0-301F-11D3-BF4B-00C04F79EFBC}") = "App2.Android", "App2\App2.Android\App2.Android.csproj", "{92646DDE-B1E4-4525-BAFF-621AF2AE37F1}"
EndProject
Project("{FAE04EC0-301F-11D3-BF4B-00C04F79EFBC}") = "App2", "App2\App2\App2.csproj", "{4FCB1760-0EBC-42C4-AF9B-D3F8E0359029}"
EndProject
Global
	GlobalSection(SolutionConfigurationPlatforms) = preSolution
		Debug|Any CPU = Debug|Any CPU
		Release|Any CPU = Release|Any CPU
	EndGlobalSection
	GlobalSection(ProjectConfigurationPlatforms) = postSolution
		{92646DDE-B1E4-4525-BAFF-621AF2AE37F1}.Debug|Any CPU.ActiveCfg = Debug|Any CPU
		{92646DDE-B1E4-4525-BAFF-621AF2AE37F1}.Debug|Any CPU.Build.0 = Debug|Any CPU
		{92646DDE-B1E4-4525-BAFF-621AF2AE37F1}.Debug|Any CPU.Deploy.0 = Debug|Any CPU
		{92646DDE-B1E4-4525-BAFF-621AF2AE37F1}.Release|Any CPU.ActiveCfg = Release|Any CPU
		{92646DDE-B1E4-4525-BAFF-621AF2AE37F1}.Release|Any CPU.Build.0 = Release|Any CPU
		{92646DDE-B1E4-4525-BAFF-621AF2AE37F1}.Release|Any CPU.Deploy.0 = Release|Any CPU
		{4FCB1760-0EBC-42C4-AF9B-D3F8E0359029}.Debug|Any CPU.ActiveCfg = Debug|Any CPU
		{4FCB1760-0EBC-42C4-AF9B-D3F8E0359029}.Debug|Any CPU.Build.0 = Debug|Any CPU
		{4FCB1760-0EBC-42C4-AF9B-D3F8E0359029}.Debug|Any CPU.Deploy.0 = Debug|Any CPU
		{4FCB1760-0EBC-42C4-AF9B-D3F8E0359029}.Release|Any CPU.ActiveCfg = Release|Any CPU
		{4FCB1760-0EBC-42C4-AF9B-D3F8E0359029}.Release|Any CPU.Build.0 = Release|Any CPU
		{4FCB1760-0EBC-42C4-AF9B-D3F8E0359029}.Release|Any CPU.Deploy.0 = Release|Any CPU
	EndGlobalSection
	GlobalSection(SolutionProperties) = preSolution
		HideSolutionNode = FALSE
	EndGlobalSection
	GlobalSection(ExtensibilityGlobals) = postSolution
		SolutionGuid = {F05D6454-F62A-44BF-A28D-B53C3211391A}
	EndGlobalSection
EndGlobal
